<?xml version="1.0" encoding="utf-8"?>
<Project ToolsVersion="4.0" xmlns="http://schemas.microsoft.com/developer/msbuild/2003">
  <ItemGroup>
    <Filter Include="Source Files">
      <UniqueIdentifier>{7C85BCE7-2505-43E5-BA4D-6C67F23D7AD0}</UniqueIdentifier>
      <Extensions>cpp;c;cxx;rc;def;r;odl;idl;hpj;bat</Extensions>
    </Filter>
    <Filter Include="Header Files">
      <UniqueIdentifier>{44F3D25A-9A4A-40C9-8A5C-0B39C9196136}</UniqueIdentifier>
      <Extensions>h;hpp;hxx;hm;inl</Extensions>
    </Filter>
    <Filter Include="moc">
      <UniqueIdentifier>{4E51101A-3B16-4DB9-95F3-B93B1EBE9C79}</UniqueIdentifier>
    </Filter>
  </ItemGroup>
  <ItemGroup>
    <ClCompile Include="MatlabInterpreterEngine.cpp">
      <Filter>Source Files</Filter>
    </ClCompile>
    <ClCompile Include="MatlabInterpreterEntry.cpp">
      <Filter>Source Files</Filter>
    </ClCompile>
    <ClCompile Include="MatlabFunctions.cpp">
      <Filter>Source Files</Filter>
    </ClCompile>
    <ClCompile Include="MatlabParser.cpp">
      <Filter>Source Files</Filter>
    </ClCompile>
    <ClCompile Include="VisualizationCommands.cpp">
      <Filter>Source Files</Filter>
    </ClCompile>
    <ClCompile Include="WindowCommands.cpp">
      <Filter>Source Files</Filter>
    </ClCompile>
    <ClCompile Include="MetadataCommands.cpp">
      <Filter>Source Files</Filter>
    </ClCompile>
    <ClCompile Include="MiscCommands.cpp">
      <Filter>Source Files</Filter>
    </ClCompile>
    <ClCompile Include="AnimationCommands.cpp">
      <Filter>Source Files</Filter>
    </ClCompile>
    <ClCompile Include="ArrayCommands.cpp">
      <Filter>Source Files</Filter>
    </ClCompile>
    <ClCompile Include="GpuCommands.cpp">
      <Filter>Source Files</Filter>
    </ClCompile>
    <ClCompile Include="LayerCommands.cpp">
      <Filter>Source Files</Filter>
    </ClCompile>
    <ClCompile Include="MatlabCommands.cpp">
      <Filter>Source Files</Filter>
    </ClCompile>
  </ItemGroup>
  <ItemGroup>
    <ClInclude Include="MatlabInterpreterEngine.h">
      <Filter>Header Files</Filter>
    </ClInclude>
    <ClInclude Include="MatlabFunctions.h">
      <Filter>Header Files</Filter>
    </ClInclude>
    <ClInclude Include="MatlabParser.h">
      <Filter>Header Files</Filter>
    </ClInclude>
    <ClInclude Include="VisualizationCommands.h">
      <Filter>Header Files</Filter>
    </ClInclude>
    <ClInclude Include="WindowCommands.h">
      <Filter>Header Files</Filter>
    </ClInclude>
    <ClInclude Include="LayerCommands.h">
      <Filter>Header Files</Filter>
    </ClInclude>
    <ClInclude Include="MetadataCommands.h">
      <Filter>Header Files</Filter>
    </ClInclude>
    <ClInclude Include="MiscCommands.h">
      <Filter>Header Files</Filter>
    </ClInclude>
    <ClInclude Include="AnimationCommands.h">
      <Filter>Header Files</Filter>
    </ClInclude>
    <ClInclude Include="ArrayCommands.h">
      <Filter>Header Files</Filter>
    </ClInclude>
    <ClInclude Include="GpuCommands.h">
      <Filter>Header Files</Filter>
    </ClInclude>
    <ClInclude Include="MatlabCommands.h">
      <Filter>Header Files</Filter>
    </ClInclude>
  </ItemGroup>
</Project>