<?xml version="1.0" encoding="utf-8"?>
<Project ToolsVersion="4.0" xmlns="http://schemas.microsoft.com/developer/msbuild/2003">
  <ItemGroup>
    <Filter Include="Source Files">
      <UniqueIdentifier>{A4C46408-AF0E-4898-B2B3-41FE4EE41C05}</UniqueIdentifier>
      <Extensions>cpp;c;cxx;rc;def;r;odl;idl;hpj;bat</Extensions>
    </Filter>
    <Filter Include="Header Files">
      <UniqueIdentifier>{9A72933F-3EC9-47D6-9BFD-8F4E58B9B64A}</UniqueIdentifier>
      <Extensions>h;hpp;hxx;hm;inl</Extensions>
    </Filter>
    <Filter Include="moc">
      <UniqueIdentifier>{02A859EB-BAC8-4ACF-92F5-38220D029856}</UniqueIdentifier>
    </Filter>
  </ItemGroup>
  <ItemGroup>
    <ClCompile Include="MatlabInterpreterEngine.cpp">
      <Filter>Source Files</Filter>
    </ClCompile>
    <ClCompile Include="MatlabInterpreterEntry.cpp">
      <Filter>Source Files</Filter>
    </ClCompile>
    <ClCompile Include="MatlabFunctions.cpp">
      <Filter>Source Files</Filter>
    </ClCompile>
    <ClCompile Include="MatlabParser.cpp">
      <Filter>Source Files</Filter>
    </ClCompile>
    <ClCompile Include="VisualizationCommands.cpp">
      <Filter>Source Files</Filter>
    </ClCompile>
    <ClCompile Include="WindowCommands.cpp">
      <Filter>Source Files</Filter>
    </ClCompile>
    <ClCompile Include="MetadataCommands.cpp">
      <Filter>Source Files</Filter>
    </ClCompile>
    <ClCompile Include="MiscCommands.cpp">
      <Filter>Source Files</Filter>
    </ClCompile>
    <ClCompile Include="AnimationCommands.cpp">
      <Filter>Source Files</Filter>
    </ClCompile>
    <ClCompile Include="ArrayCommands.cpp">
      <Filter>Source Files</Filter>
    </ClCompile>
    <ClCompile Include="GpuCommands.cpp">
      <Filter>Source Files</Filter>
    </ClCompile>
    <ClCompile Include="LayerCommands.cpp">
      <Filter>Source Files</Filter>
    </ClCompile>
    <ClCompile Include="MatlabCommands.cpp">
      <Filter>Source Files</Filter>
    </ClCompile>
  </ItemGroup>
  <ItemGroup>
    <ClInclude Include="MatlabInterpreterEngine.h">
      <Filter>Header Files</Filter>
    </ClInclude>
    <ClInclude Include="MatlabFunctions.h">
      <Filter>Header Files</Filter>
    </ClInclude>
    <ClInclude Include="MatlabParser.h">
      <Filter>Header Files</Filter>
    </ClInclude>
    <ClInclude Include="VisualizationCommands.h">
      <Filter>Header Files</Filter>
    </ClInclude>
    <ClInclude Include="WindowCommands.h">
      <Filter>Header Files</Filter>
    </ClInclude>
    <ClInclude Include="LayerCommands.h">
      <Filter>Header Files</Filter>
    </ClInclude>
    <ClInclude Include="MetadataCommands.h">
      <Filter>Header Files</Filter>
    </ClInclude>
    <ClInclude Include="MiscCommands.h">
      <Filter>Header Files</Filter>
    </ClInclude>
    <ClInclude Include="AnimationCommands.h">
      <Filter>Header Files</Filter>
    </ClInclude>
    <ClInclude Include="ArrayCommands.h">
      <Filter>Header Files</Filter>
    </ClInclude>
    <ClInclude Include="GpuCommands.h">
      <Filter>Header Files</Filter>
    </ClInclude>
    <ClInclude Include="MatlabCommands.h">
      <Filter>Header Files</Filter>
    </ClInclude>
  </ItemGroup>
</Project>