<?xml version="1.0" encoding="utf-8"?>
<Project ToolsVersion="4.0" xmlns="http://schemas.microsoft.com/developer/msbuild/2003">
  <ItemGroup>
    <Filter Include="Documentation">
      <UniqueIdentifier>{4c0452be-cf8e-41d9-9b71-b0335f360d34}</UniqueIdentifier>
    </Filter>
    <Filter Include="Doxygen Configuration">
      <UniqueIdentifier>{d733cbcf-9f57-4b5a-8c0e-7939f3a24a6f}</UniqueIdentifier>
    </Filter>
    <Filter Include="Generated Doxygen">
      <UniqueIdentifier>{f7273c68-7532-4a6a-a7bf-96fa1471da7d}</UniqueIdentifier>
    </Filter>
  </ItemGroup>
  <ItemGroup>
    <None Include="mainpage.txt">
      <Filter>Documentation</Filter>
    </None>
    <None Include="application.dox">
      <Filter>Doxygen Configuration</Filter>
    </None>
    <None Include="trailer.html">
      <Filter>Doxygen Configuration</Filter>
    </None>
    <None Include="$(BuildDir)\DoxygenOutput\html\index.html">
      <Filter>Generated Doxygen</Filter>
    </None>
  </ItemGroup>
</Project>